{
  "name": "npm-build-1763262732",
  "lockfileVersion": 3,
  "requires": true,
  "packages": {
    "": {
      "dependencies": {
        "@vitejs/plugin-react-swc": "^4.1.0"
      }
    },
    "node_modules/@rolldown/pluginutils": {
      "version": "1.0.0-beta.35",
      "resolved": "https://registry.npmjs.org/@rolldown/pluginutils/-/pluginutils-1.0.0-beta.35.tgz",
      "integrity": "sha512-slYrCpoxJUqzFDDNlvrOYRazQUNRvWPjXA17dAOISY3rDMxX6k8K4cj2H+hEYMHF81HO3uNd5rHVigAWRM5dSg==",
      "license": "MIT"
    },
    "node_modules/@swc/core": {
      "version": "1.13.19",
      "resolved": "https://registry.npmjs.org/@swc/core/-/core-1.13.19.tgz",
      "integrity": "sha512-V1r4wFdjaZIUIZZrV2Mb/prEeu03xvSm6oatPxsvnXKF9lNh5Jtk9QvUdiVfD9rrvi7bXrAVhg9Wpbmv/2Fl1g==",
      "hasInstallScript": true,
      "license": "Apache-2.0",
      "dependencies": {
        "@swc/counter": "^0.1.3",
        "@swc/types": "^0.1.25"
      },
      "engines": {
        "node": ">=10"
      },
      "funding": {
        "type": "opencollective",
        "url": "https://opencollective.com/swc"
      },
      "optionalDependencies": {
        "@swc/core-darwin-arm64": "1.13.19",
        "@swc/core-darwin-x64": "1.13.19",
        "@swc/core-linux-arm-gnueabihf": "1.13.19",
        "@swc/core-linux-arm64-gnu": "1.13.19",
        "@swc/core-linux-arm64-musl": "1.13.19",
        "@swc/core-linux-x64-gnu": "1.13.19",
        "@swc/core-linux-x64-musl": "1.13.19",
        "@swc/core-win32-arm64-msvc": "1.13.19",
        "@swc/core-win32-ia32-msvc": "1.13.19",
        "@swc/core-win32-x64-msvc": "1.13.19"
      },
      "peerDependencies": {
        "@swc/helpers": ">=0.5.17"
      },
      "peerDependenciesMeta": {
        "@swc/helpers": {
          "optional": true
        }
      }
    },
    "node_modules/@swc/core-darwin-arm64": {
      "version": "1.13.19",
      "resolved": "https://registry.npmjs.org/@swc/core-darwin-arm64/-/core-darwin-arm64-1.13.19.tgz",
      "integrity": "sha512-NxDyte9tCJSJ8+R62WDtqwg8eI57lubD52sHyGOfezpJBOPr36bUSGGLyO3Vod9zTGlOu2CpkuzA/2iVw92u1g==",
      "cpu": [
        "arm64"
      ],
      "license": "Apache-2.0 AND MIT",
      "optional": true,
      "os": [
        "darwin"
      ],
      "engines": {
        "node": ">=10"
      }
    },
    "node_modules/@swc/core-darwin-x64": {
      "version": "1.13.19",
      "resolved": "https://registry.npmjs.org/@swc/core-darwin-x64/-/core-darwin-x64-1.13.19.tgz",
      "integrity": "sha512-+w5DYrJndSygFFRDcuPYmx5BljD6oYnAohZ15K1L6SfORHp/BTSIbgSFRKPoyhjuIkDiq3W0um8RoMTOBAcQjQ==",
      "cpu": [
        "x64"
      ],
      "license": "Apache-2.0 AND MIT",
      "optional": true,
      "os": [
        "darwin"
      ],
      "engines": {
        "node": ">=10"
      }
    },
    "node_modules/@swc/core-linux-arm-gnueabihf": {
      "version": "1.13.19",
      "resolved": "https://registry.npmjs.org/@swc/core-linux-arm-gnueabihf/-/core-linux-arm-gnueabihf-1.13.19.tgz",
      "integrity": "sha512-7LlfgpdwwYq2q7himNkAAFo4q6jysMLFNoBH6GRP7WL29NcSsl5mPMJjmYZymK+sYq/9MTVieDTQvChzYDsapw==",
      "cpu": [
        "arm"
      ],
      "license": "Apache-2.0",
      "optional": true,
      "os": [
        "linux"
      ],
      "engines": {
        "node": ">=10"
      }
    },
    "node_modules/@swc/core-linux-arm64-gnu": {
      "version": "1.13.19",
      "resolved": "https://registry.npmjs.org/@swc/core-linux-arm64-gnu/-/core-linux-arm64-gnu-1.13.19.tgz",
      "integrity": "sha512-ml3I6Lm2marAQ3UC/TS9t/yILBh/eDSVHAdPpikp652xouWAVW1znUeV6bBSxe1sSZIenv+p55ubKAWq/u84sQ==",
      "cpu": [
        "arm64"
      ],
      "license": "Apache-2.0 AND MIT",
      "optional": true,
      "os": [
        "linux"
      ],
      "engines": {
        "node": ">=10"
      }
    },
    "node_modules/@swc/core-linux-arm64-musl": {
      "version": "1.13.19",
      "resolved": "https://registry.npmjs.org/@swc/core-linux-arm64-musl/-/core-linux-arm64-musl-1.13.19.tgz",
      "integrity": "sha512-M/otFc3/rWWkbF6VgbOXVzUKVoE7MFcphTaStxJp4bwb7oP5slYlxMZN51Dk/OTOfvCDo9pTAFDKNyixbkXMDQ==",
      "cpu": [
        "arm64"
      ],
      "license": "Apache-2.0 AND MIT",
      "optional": true,
      "os": [
        "linux"
      ],
      "engines": {
        "node": ">=10"
      }
    },
    "node_modules/@swc/core-linux-x64-gnu": {
      "version": "1.13.19",
      "resolved": "https://registry.npmjs.org/@swc/core-linux-x64-gnu/-/core-linux-x64-gnu-1.13.19.tgz",
      "integrity": "sha512-NoMUKaOJEdouU4tKF88ggdDHFiRRING+gYLxDqnTfm+sUXaizB5OGBRzvSVDYSXQb1SuUuChnXFPFzwTWbt3ZQ==",
      "cpu": [
        "x64"
      ],
      "license": "Apache-2.0 AND MIT",
      "optional": true,
      "os": [
        "linux"
      ],
      "engines": {
        "node": ">=10"
      }
    },
    "node_modules/@swc/core-linux-x64-musl": {
      "version": "1.13.19",
      "resolved": "https://registry.npmjs.org/@swc/core-linux-x64-musl/-/core-linux-x64-musl-1.13.19.tgz",
      "integrity": "sha512-r6krlZwyu8SBaw24QuS1lau2I9q8M+eJV6ITz0rpb6P1Bx0elf9ii5Bhh8ddmIqXXH8kOGSjC/dwcdHbZqAhgw==",
      "cpu": [
        "x64"
      ],
      "license": "Apache-2.0 AND MIT",
      "optional": true,
      "os": [
        "linux"
      ],
      "engines": {
        "node": ">=10"
      }
    },
    "node_modules/@swc/core-win32-arm64-msvc": {
      "version": "1.13.19",
      "resolved": "https://registry.npmjs.org/@swc/core-win32-arm64-msvc/-/core-win32-arm64-msvc-1.13.19.tgz",
      "integrity": "sha512-awcZSIuxyVn0Dw28VjMvgk1qiDJ6CeQwHkZNUjg2UxVlq23zE01NMMp+zkoGFypmLG9gaGmJSzuoqvk/WCQ5tw==",
      "cpu": [
        "arm64"
      ],
      "license": "Apache-2.0 AND MIT",
      "optional": true,
      "os": [
        "win32"
      ],
      "engines": {
        "node": ">=10"
      }
    },
    "node_modules/@swc/core-win32-ia32-msvc": {
      "version": "1.13.19",
      "resolved": "https://registry.npmjs.org/@swc/core-win32-ia32-msvc/-/core-win32-ia32-msvc-1.13.19.tgz",
      "integrity": "sha512-H5d+KO7ISoLNgYvTbOcCQjJZNM3R7yaYlrMAF13lUr6GSiOUX+92xtM31B+HvzAWI7HtvVe74d29aC1b1TpXFA==",
      "cpu": [
        "ia32"
      ],
      "license": "Apache-2.0 AND MIT",
      "optional": true,
      "os": [
        "win32"
      ],
      "engines": {
        "node": ">=10"
      }
    },
    "node_modules/@swc/core-win32-x64-msvc": {
      "version": "1.13.19",
      "resolved": "https://registry.npmjs.org/@swc/core-win32-x64-msvc/-/core-win32-x64-msvc-1.13.19.tgz",
      "integrity": "sha512-qNoyCpXvv2O3JqXKanRIeoMn03Fho/As+N4Fhe7u0FsYh4VYqGQah4DGDzEP/yjl4Gx1IElhqLGDhCCGMwWaDw==",
      "cpu": [
        "x64"
      ],
      "license": "Apache-2.0 AND MIT",
      "optional": true,
      "os": [
        "win32"
      ],
      "engines": {
        "node": ">=10"
      }
    },
    "node_modules/@swc/counter": {
      "version": "0.1.3",
      "resolved": "https://registry.npmjs.org/@swc/counter/-/counter-0.1.3.tgz",
      "integrity": "sha512-e2BR4lsJkkRlKZ/qCHPw9ZaSxc0MVUd7gtbtaB7aMvHeJVYe8sOB8DBZkP2DtISHGSku9sCK6T6cnY0CtXrOCQ==",
      "license": "Apache-2.0"
    },
    "node_modules/@swc/types": {
      "version": "0.1.25",
      "resolved": "https://registry.npmjs.org/@swc/types/-/types-0.1.25.tgz",
      "integrity": "sha512-iAoY/qRhNH8a/hBvm3zKj9qQ4oc2+3w1unPJa2XvTK3XjeLXtzcCingVPw/9e5mn1+0yPqxcBGp9Jf0pkfMb1g==",
      "license": "Apache-2.0",
      "dependencies": {
        "@swc/counter": "^0.1.3"
      }
    },
    "node_modules/@vitejs/plugin-react-swc": {
      "version": "4.1.0",
      "resolved": "https://registry.npmjs.org/@vitejs/plugin-react-swc/-/plugin-react-swc-4.1.0.tgz",
      "integrity": "sha512-Ff690TUck0Anlh7wdIcnsVMhofeEVgm44Y4OYdeeEEPSKyZHzDI9gfVBvySEhDfXtBp8tLCbfsVKPWEMEjq8/g==",
      "license": "MIT",
      "dependencies": {
        "@rolldown/pluginutils": "1.0.0-beta.35",
        "@swc/core": "^1.13.5"
      },
      "engines": {
        "node": "^20.19.0 || >=22.12.0"
      },
      "peerDependencies": {
        "vite": "^4 || ^5 || ^6 || ^7"
      }
    }
  }
}
